{
  "lib/ERC-7540-Reference": {
    "rev": "1ea70ccf3accbcd6724816ded8ed88f10ba4fce8"
  },
  "lib/forge-std": {
    "tag": {
      "name": "v1.15.0",
      "rev": "0844d7e1fc5e60d77b68e469bff60265f236c398"
    }
  },
  "lib/openzeppelin-contracts": {
    "tag": {
      "name": "v5.0.2",
      "rev": "dbb6104ce834628e473d2173bbc9d47f81a9eec3"
    }
  },
  "lib/openzeppelin-contracts-v5": {
    "rev": "74edc4baff50b93c06977021ee9ba25987803291"
  },
  "lib/superfluid-protocol-monorepo": {
    "rev": "414109689d9041a8b6900b67b947f3f203c1da5d"
  }
}